// !$*UTF8*$!
{
	archiveVersion = 1;
	classes = {
	};
	objectVersion = 52;
	objects = {

/* Begin PBXBuildFile section */
		0191A3B40922DAA84AB26DF1 /* Process+Extensions.swift in Sources */ = {isa = PBXBuildFile; fileRef = 00A59470A5DC84227CCC561D /* Process+Extensions.swift */; };
		03139DD8DF5EAEC28855804F /* ControlAppView.swift in Sources */ = {isa = PBXBuildFile; fileRef = 13817254EDA7BABFC01DB855 /* ControlAppView.swift */; };
		0FF214FF133740A0DD476AF5 /* ControlApp.swift in Sources */ = {isa = PBXBuildFile; fileRef = E88BD714FBA55242BFB983AB /* ControlApp.swift */; };
		12C007E7EDBAF8E282D429B0 /* LocationViewReducer.swift in Sources */ = {isa = PBXBuildFile; fileRef = 92B6C6A697D1CD6329ECF5AF /* LocationViewReducer.swift */; };
		13F35BD72A7A5E3F092F985A /* ControlAppViewReducer.swift in Sources */ = {isa = PBXBuildFile; fileRef = A5EE076146E3F608F3284E0D /* ControlAppViewReducer.swift */; };
		150B01F90DC90B6C376DC58B /* NetworkViewReducer.swift in Sources */ = {isa = PBXBuildFile; fileRef = D4464FC0D810DA7ADDAF0247 /* NetworkViewReducer.swift */; };
		15BF65E78B11CDDA467DC6FE /* SystemView.swift in Sources */ = {isa = PBXBuildFile; fileRef = AEF1CC7BEF02CFC6E7204115 /* SystemView.swift */; };
		260E7400B080255D4BD0AF16 /* ScreenViewReducer.swift in Sources */ = {isa = PBXBuildFile; fileRef = 3AC5C07EFA6C999EF374A736 /* ScreenViewReducer.swift */; };
		2F04A14DC06E8501A957E880 /* AppsViewReducer.swift in Sources */ = {isa = PBXBuildFile; fileRef = AE3E532D831BE7A94DD9620B /* AppsViewReducer.swift */; };
		340B7D918FBA2FFED7A9C6FB /* AppsView.swift in Sources */ = {isa = PBXBuildFile; fileRef = AFAB2171AA492EF61459542A /* AppsView.swift */; };
		3A67F2C65E65EBFCF92824EE /* Preview Assets.xcassets in Resources */ = {isa = PBXBuildFile; fileRef = 25016EB3C65189AA0BA313AF /* Preview Assets.xcassets */; };
		3E3E8FF7D740D5846D8579A4 /* LocationView.swift in Sources */ = {isa = PBXBuildFile; fileRef = 47F87C960492546710B41972 /* LocationView.swift */; };
		4488B068A809634868C2DFE8 /* Constant.swift in Sources */ = {isa = PBXBuildFile; fileRef = 0087A41975729A5A2A44627A /* Constant.swift */; };
		47B3E52FCFD5077FB587B5BC /* ScreenView.swift in Sources */ = {isa = PBXBuildFile; fileRef = 96F90BD075CEC6358610264D /* ScreenView.swift */; };
		557DF0451FC66EA92CF6D756 /* VisualEffectBlur.swift in Sources */ = {isa = PBXBuildFile; fileRef = DB56F83DA8A05F7089963308 /* VisualEffectBlur.swift */; };
		571005ACB6BB03FAE1033185 /* DevicesViewReducer.swift in Sources */ = {isa = PBXBuildFile; fileRef = 421402E484FFAF28E0B3A18B /* DevicesViewReducer.swift */; };
		65EAD3C55FF64A44206E8215 /* Strings.swift in Sources */ = {isa = PBXBuildFile; fileRef = 42049E90CB7CE88F7C8C1256 /* Strings.swift */; };
		8BD182B17ECC4DC5790EE144 /* SystemViewReducer.swift in Sources */ = {isa = PBXBuildFile; fileRef = 8B88357D0DFFAA90DC1BA33B /* SystemViewReducer.swift */; };
		8FC23487BE978A42474255CC /* SampleControlViewReducer.swift in Sources */ = {isa = PBXBuildFile; fileRef = AEDE20ED3F75E1C25AA878F5 /* SampleControlViewReducer.swift */; };
		965DFC3DE277A09FC7EB6D89 /* DevicesView.swift in Sources */ = {isa = PBXBuildFile; fileRef = E3FB97ECF39F23C722234C2F /* DevicesView.swift */; };
		A7182087E2776BC8C7A8E803 /* ComposableArchitecture in Frameworks */ = {isa = PBXBuildFile; productRef = E712B7069710484855F97F4A /* ComposableArchitecture */; };
		AE3553C269CE9880D053D6DC /* Localizable.strings in Resources */ = {isa = PBXBuildFile; fileRef = 6903D36A597465D1D2C2E94B /* Localizable.strings */; };
		B5F2AE424722FE4116F33F46 /* BatteryView.swift in Sources */ = {isa = PBXBuildFile; fileRef = FAD854A0CCD885F82E62DAD9 /* BatteryView.swift */; };
		C8D01DA443EC546B50EEDCE9 /* NetworkView.swift in Sources */ = {isa = PBXBuildFile; fileRef = FC49EF7F856D13EC3CCCE6A8 /* NetworkView.swift */; };
		CD34BABF4C0E4DAB0E6FB5B7 /* Assets.xcassets in Resources */ = {isa = PBXBuildFile; fileRef = C9ABD4EE1136262D1FD8397D /* Assets.xcassets */; };
		EDC40443256B90750076A699 /* LocationManagerReducer.swift in Sources */ = {isa = PBXBuildFile; fileRef = EDC40442256B90750076A699 /* LocationManagerReducer.swift */; };
		EDC40446256B91090076A699 /* SampleAppsViewReducer.swift in Sources */ = {isa = PBXBuildFile; fileRef = EDC40445256B91090076A699 /* SampleAppsViewReducer.swift */; };
		EDC40449256B91120076A699 /* SampleBatteryViewReducer.swift in Sources */ = {isa = PBXBuildFile; fileRef = EDC40448256B91120076A699 /* SampleBatteryViewReducer.swift */; };
		EDC4044C256B911A0076A699 /* SampleDevicesViewReducer.swift in Sources */ = {isa = PBXBuildFile; fileRef = EDC4044B256B911A0076A699 /* SampleDevicesViewReducer.swift */; };
		EDC4044F256B91240076A699 /* SampleLocationViewReducer.swift in Sources */ = {isa = PBXBuildFile; fileRef = EDC4044E256B91240076A699 /* SampleLocationViewReducer.swift */; };
		EDC40454256B91410076A699 /* SampleNetworkViewReducer.swift in Sources */ = {isa = PBXBuildFile; fileRef = EDC40453256B91410076A699 /* SampleNetworkViewReducer.swift */; };
		EDC40457256B914C0076A699 /* SampleScreenViewReducer.swift in Sources */ = {isa = PBXBuildFile; fileRef = EDC40456256B914C0076A699 /* SampleScreenViewReducer.swift */; };
		EDC4045A256B91560076A699 /* SampleSystemViewReducer.swift in Sources */ = {isa = PBXBuildFile; fileRef = EDC40459256B91560076A699 /* SampleSystemViewReducer.swift */; };
		EDC4045D256B91A40076A699 /* SampleAppEnvironment.swift in Sources */ = {isa = PBXBuildFile; fileRef = EDC4045C256B91A40076A699 /* SampleAppEnvironment.swift */; };
		F1DC4176A3717D82ACA39E54 /* BatteryViewReducer.swift in Sources */ = {isa = PBXBuildFile; fileRef = 5B675161120D817C563EA1FE /* BatteryViewReducer.swift */; };
		FA97CB8A4CC00FD78B568C88 /* ComposableCoreLocation in Frameworks */ = {isa = PBXBuildFile; productRef = 751BD96142A64FE2CBA109F3 /* ComposableCoreLocation */; };
/* End PBXBuildFile section */

/* Begin PBXFileReference section */
		0087A41975729A5A2A44627A /* Constant.swift */ = {isa = PBXFileReference; lastKnownFileType = sourcecode.swift; path = Constant.swift; sourceTree = "<group>"; };
		00A59470A5DC84227CCC561D /* Process+Extensions.swift */ = {isa = PBXFileReference; lastKnownFileType = sourcecode.swift; path = "Process+Extensions.swift"; sourceTree = "<group>"; };
		13817254EDA7BABFC01DB855 /* ControlAppView.swift */ = {isa = PBXFileReference; lastKnownFileType = sourcecode.swift; path = ControlAppView.swift; sourceTree = "<group>"; };
		25016EB3C65189AA0BA313AF /* Preview Assets.xcassets */ = {isa = PBXFileReference; lastKnownFileType = folder.assetcatalog; path = "Preview Assets.xcassets"; sourceTree = "<group>"; };
		3AC5C07EFA6C999EF374A736 /* ScreenViewReducer.swift */ = {isa = PBXFileReference; lastKnownFileType = sourcecode.swift; path = ScreenViewReducer.swift; sourceTree = "<group>"; };
		42049E90CB7CE88F7C8C1256 /* Strings.swift */ = {isa = PBXFileReference; lastKnownFileType = sourcecode.swift; path = Strings.swift; sourceTree = "<group>"; };
		421402E484FFAF28E0B3A18B /* DevicesViewReducer.swift */ = {isa = PBXFileReference; lastKnownFileType = sourcecode.swift; path = DevicesViewReducer.swift; sourceTree = "<group>"; };
		450933C0CE81A57BC264BDB4 /* Control.entitlements */ = {isa = PBXFileReference; lastKnownFileType = text.plist.entitlements; path = Control.entitlements; sourceTree = "<group>"; };
		47F87C960492546710B41972 /* LocationView.swift */ = {isa = PBXFileReference; lastKnownFileType = sourcecode.swift; path = LocationView.swift; sourceTree = "<group>"; };
		5B675161120D817C563EA1FE /* BatteryViewReducer.swift */ = {isa = PBXFileReference; lastKnownFileType = sourcecode.swift; path = BatteryViewReducer.swift; sourceTree = "<group>"; };
		6903D36A597465D1D2C2E94B /* Localizable.strings */ = {isa = PBXFileReference; lastKnownFileType = text.plist.strings; path = Localizable.strings; sourceTree = "<group>"; };
		8B88357D0DFFAA90DC1BA33B /* SystemViewReducer.swift */ = {isa = PBXFileReference; lastKnownFileType = sourcecode.swift; path = SystemViewReducer.swift; sourceTree = "<group>"; };
		92B6C6A697D1CD6329ECF5AF /* LocationViewReducer.swift */ = {isa = PBXFileReference; lastKnownFileType = sourcecode.swift; path = LocationViewReducer.swift; sourceTree = "<group>"; };
		96F90BD075CEC6358610264D /* ScreenView.swift */ = {isa = PBXFileReference; lastKnownFileType = sourcecode.swift; path = ScreenView.swift; sourceTree = "<group>"; };
		A5EE076146E3F608F3284E0D /* ControlAppViewReducer.swift */ = {isa = PBXFileReference; lastKnownFileType = sourcecode.swift; path = ControlAppViewReducer.swift; sourceTree = "<group>"; };
		AE3E532D831BE7A94DD9620B /* AppsViewReducer.swift */ = {isa = PBXFileReference; lastKnownFileType = sourcecode.swift; path = AppsViewReducer.swift; sourceTree = "<group>"; };
		AEDE20ED3F75E1C25AA878F5 /* SampleControlViewReducer.swift */ = {isa = PBXFileReference; lastKnownFileType = sourcecode.swift; path = SampleControlViewReducer.swift; sourceTree = "<group>"; };
		AEF1CC7BEF02CFC6E7204115 /* SystemView.swift */ = {isa = PBXFileReference; lastKnownFileType = sourcecode.swift; path = SystemView.swift; sourceTree = "<group>"; };
		AFAB2171AA492EF61459542A /* AppsView.swift */ = {isa = PBXFileReference; lastKnownFileType = sourcecode.swift; path = AppsView.swift; sourceTree = "<group>"; };
		C426072493DB2550DCF5C7F4 /* Info.plist */ = {isa = PBXFileReference; lastKnownFileType = text.plist; path = Info.plist; sourceTree = "<group>"; };
		C9ABD4EE1136262D1FD8397D /* Assets.xcassets */ = {isa = PBXFileReference; lastKnownFileType = folder.assetcatalog; path = Assets.xcassets; sourceTree = "<group>"; };
		D4464FC0D810DA7ADDAF0247 /* NetworkViewReducer.swift */ = {isa = PBXFileReference; lastKnownFileType = sourcecode.swift; path = NetworkViewReducer.swift; sourceTree = "<group>"; };
		DB56F83DA8A05F7089963308 /* VisualEffectBlur.swift */ = {isa = PBXFileReference; lastKnownFileType = sourcecode.swift; path = VisualEffectBlur.swift; sourceTree = "<group>"; };
		DE30E685C1C5DE2682AE23DE /* Control.app */ = {isa = PBXFileReference; explicitFileType = wrapper.application; includeInIndex = 0; path = Control.app; sourceTree = BUILT_PRODUCTS_DIR; };
		E3FB97ECF39F23C722234C2F /* DevicesView.swift */ = {isa = PBXFileReference; lastKnownFileType = sourcecode.swift; path = DevicesView.swift; sourceTree = "<group>"; };
		E88BD714FBA55242BFB983AB /* ControlApp.swift */ = {isa = PBXFileReference; lastKnownFileType = sourcecode.swift; path = ControlApp.swift; sourceTree = "<group>"; };
		EDC40442256B90750076A699 /* LocationManagerReducer.swift */ = {isa = PBXFileReference; lastKnownFileType = sourcecode.swift; path = LocationManagerReducer.swift; sourceTree = "<group>"; };
		EDC40445256B91090076A699 /* SampleAppsViewReducer.swift */ = {isa = PBXFileReference; lastKnownFileType = sourcecode.swift; path = SampleAppsViewReducer.swift; sourceTree = "<group>"; };
		EDC40448256B91120076A699 /* SampleBatteryViewReducer.swift */ = {isa = PBXFileReference; lastKnownFileType = sourcecode.swift; path = SampleBatteryViewReducer.swift; sourceTree = "<group>"; };
		EDC4044B256B911A0076A699 /* SampleDevicesViewReducer.swift */ = {isa = PBXFileReference; lastKnownFileType = sourcecode.swift; path = SampleDevicesViewReducer.swift; sourceTree = "<group>"; };
		EDC4044E256B91240076A699 /* SampleLocationViewReducer.swift */ = {isa = PBXFileReference; lastKnownFileType = sourcecode.swift; path = SampleLocationViewReducer.swift; sourceTree = "<group>"; };
		EDC40453256B91410076A699 /* SampleNetworkViewReducer.swift */ = {isa = PBXFileReference; lastKnownFileType = sourcecode.swift; path = SampleNetworkViewReducer.swift; sourceTree = "<group>"; };
		EDC40456256B914C0076A699 /* SampleScreenViewReducer.swift */ = {isa = PBXFileReference; lastKnownFileType = sourcecode.swift; path = SampleScreenViewReducer.swift; sourceTree = "<group>"; };
		EDC40459256B91560076A699 /* SampleSystemViewReducer.swift */ = {isa = PBXFileReference; lastKnownFileType = sourcecode.swift; path = SampleSystemViewReducer.swift; sourceTree = "<group>"; };
		EDC4045C256B91A40076A699 /* SampleAppEnvironment.swift */ = {isa = PBXFileReference; lastKnownFileType = sourcecode.swift; path = SampleAppEnvironment.swift; sourceTree = "<group>"; };
		FAD854A0CCD885F82E62DAD9 /* BatteryView.swift */ = {isa = PBXFileReference; lastKnownFileType = sourcecode.swift; path = BatteryView.swift; sourceTree = "<group>"; };
		FC49EF7F856D13EC3CCCE6A8 /* NetworkView.swift */ = {isa = PBXFileReference; lastKnownFileType = sourcecode.swift; path = NetworkView.swift; sourceTree = "<group>"; };
/* End PBXFileReference section */

/* Begin PBXFrameworksBuildPhase section */
		F848C16DC166AC16DA081C07 /* Frameworks */ = {
			isa = PBXFrameworksBuildPhase;
			buildActionMask = 2147483647;
			files = (
				A7182087E2776BC8C7A8E803 /* ComposableArchitecture in Frameworks */,
				FA97CB8A4CC00FD78B568C88 /* ComposableCoreLocation in Frameworks */,
			);
			runOnlyForDeploymentPostprocessing = 0;
		};
/* End PBXFrameworksBuildPhase section */

/* Begin PBXGroup section */
		0BB2F14A302696AFBDE7FD3D = {
			isa = PBXGroup;
			children = (
				7E4267C190DAF60584D8B2C5 /* Control */,
				77471DEF436CE2C792DB71B6 /* Products */,
			);
			sourceTree = "<group>";
		};
		1254BCDBA70C6B0095ABE2B2 /* Location */ = {
			isa = PBXGroup;
			children = (
				47F87C960492546710B41972 /* LocationView.swift */,
				92B6C6A697D1CD6329ECF5AF /* LocationViewReducer.swift */,
			);
			path = Location;
			sourceTree = "<group>";
		};
		1605A3BE28CD442F12254CD2 /* Devices */ = {
			isa = PBXGroup;
			children = (
				E3FB97ECF39F23C722234C2F /* DevicesView.swift */,
				421402E484FFAF28E0B3A18B /* DevicesViewReducer.swift */,
			);
			path = Devices;
			sourceTree = "<group>";
		};
		1EF9AB080BB4994E5A8BDD3E /* PreviewContent */ = {
			isa = PBXGroup;
			children = (
				25016EB3C65189AA0BA313AF /* Preview Assets.xcassets */,
				AEDE20ED3F75E1C25AA878F5 /* SampleControlViewReducer.swift */,
				EDC40445256B91090076A699 /* SampleAppsViewReducer.swift */,
				EDC40448256B91120076A699 /* SampleBatteryViewReducer.swift */,
				EDC4044B256B911A0076A699 /* SampleDevicesViewReducer.swift */,
				EDC4044E256B91240076A699 /* SampleLocationViewReducer.swift */,
				EDC40453256B91410076A699 /* SampleNetworkViewReducer.swift */,
				EDC40456256B914C0076A699 /* SampleScreenViewReducer.swift */,
				EDC40459256B91560076A699 /* SampleSystemViewReducer.swift */,
				EDC4045C256B91A40076A699 /* SampleAppEnvironment.swift */,
			);
			path = PreviewContent;
			sourceTree = "<group>";
		};
		3551A600D94931370FF19923 /* Battery */ = {
			isa = PBXGroup;
			children = (
				FAD854A0CCD885F82E62DAD9 /* BatteryView.swift */,
				5B675161120D817C563EA1FE /* BatteryViewReducer.swift */,
			);
			path = Battery;
			sourceTree = "<group>";
		};
		3E006D8919309859A148F82B /* System */ = {
			isa = PBXGroup;
			children = (
				AEF1CC7BEF02CFC6E7204115 /* SystemView.swift */,
				8B88357D0DFFAA90DC1BA33B /* SystemViewReducer.swift */,
			);
			path = System;
			sourceTree = "<group>";
		};
		426C0A7983B2FBECE0CC6596 /* Extensions */ = {
			isa = PBXGroup;
			children = (
				00A59470A5DC84227CCC561D /* Process+Extensions.swift */,
			);
			path = Extensions;
			sourceTree = "<group>";
		};
		6A52FBC1065E624A293C6F69 /* Screen */ = {
			isa = PBXGroup;
			children = (
				96F90BD075CEC6358610264D /* ScreenView.swift */,
				3AC5C07EFA6C999EF374A736 /* ScreenViewReducer.swift */,
			);
			path = Screen;
			sourceTree = "<group>";
		};
		77471DEF436CE2C792DB71B6 /* Products */ = {
			isa = PBXGroup;
			children = (
				DE30E685C1C5DE2682AE23DE /* Control.app */,
			);
			name = Products;
			sourceTree = "<group>";
		};
		7E4267C190DAF60584D8B2C5 /* Control */ = {
			isa = PBXGroup;
			children = (
				8D07BD585D6DB7ABE25014F1 /* Generated */,
				1EF9AB080BB4994E5A8BDD3E /* PreviewContent */,
				7EA0D2753637004741B2E632 /* Resources */,
				C2350E5EB0C7E1C167F5E788 /* Sources */,
				ABEB09AF592DDF3E83C57A60 /* SupportingFiles */,
			);
			path = Control;
			sourceTree = "<group>";
		};
		7EA0D2753637004741B2E632 /* Resources */ = {
			isa = PBXGroup;
			children = (
				C9ABD4EE1136262D1FD8397D /* Assets.xcassets */,
				6903D36A597465D1D2C2E94B /* Localizable.strings */,
			);
			path = Resources;
			sourceTree = "<group>";
		};
		8D07BD585D6DB7ABE25014F1 /* Generated */ = {
			isa = PBXGroup;
			children = (
				42049E90CB7CE88F7C8C1256 /* Strings.swift */,
			);
			path = Generated;
			sourceTree = "<group>";
		};
		ABEB09AF592DDF3E83C57A60 /* SupportingFiles */ = {
			isa = PBXGroup;
			children = (
				450933C0CE81A57BC264BDB4 /* Control.entitlements */,
				C426072493DB2550DCF5C7F4 /* Info.plist */,
			);
			path = SupportingFiles;
			sourceTree = "<group>";
		};
		B7EDB9EEDD17DC1481B66815 /* App */ = {
			isa = PBXGroup;
			children = (
				E88BD714FBA55242BFB983AB /* ControlApp.swift */,
				13817254EDA7BABFC01DB855 /* ControlAppView.swift */,
				A5EE076146E3F608F3284E0D /* ControlAppViewReducer.swift */,
				E0D0EB6F9A91E97BFC348218 /* Apps */,
				3551A600D94931370FF19923 /* Battery */,
				1605A3BE28CD442F12254CD2 /* Devices */,
				1254BCDBA70C6B0095ABE2B2 /* Location */,
				C93F970A85CC62AE7212D364 /* Network */,
				6A52FBC1065E624A293C6F69 /* Screen */,
				3E006D8919309859A148F82B /* System */,
				EDC40442256B90750076A699 /* LocationManagerReducer.swift */,
			);
			path = App;
			sourceTree = "<group>";
		};
		C2350E5EB0C7E1C167F5E788 /* Sources */ = {
			isa = PBXGroup;
			children = (
				0087A41975729A5A2A44627A /* Constant.swift */,
				DB56F83DA8A05F7089963308 /* VisualEffectBlur.swift */,
				B7EDB9EEDD17DC1481B66815 /* App */,
				426C0A7983B2FBECE0CC6596 /* Extensions */,
			);
			path = Sources;
			sourceTree = "<group>";
		};
		C93F970A85CC62AE7212D364 /* Network */ = {
			isa = PBXGroup;
			children = (
				FC49EF7F856D13EC3CCCE6A8 /* NetworkView.swift */,
				D4464FC0D810DA7ADDAF0247 /* NetworkViewReducer.swift */,
			);
			path = Network;
			sourceTree = "<group>";
		};
		E0D0EB6F9A91E97BFC348218 /* Apps */ = {
			isa = PBXGroup;
			children = (
				AFAB2171AA492EF61459542A /* AppsView.swift */,
				AE3E532D831BE7A94DD9620B /* AppsViewReducer.swift */,
			);
			path = Apps;
			sourceTree = "<group>";
		};
/* End PBXGroup section */

/* Begin PBXNativeTarget section */
		B559E60A23DE4329CF2A5BD9 /* Control */ = {
			isa = PBXNativeTarget;
			buildConfigurationList = 87C7BF98F02E939C2A261FC7 /* Build configuration list for PBXNativeTarget "Control" */;
			buildPhases = (
				38E966192839E062BFA9FEC6 /* Sources */,
				B677AACC90E433D4A32AAD93 /* Resources */,
				F848C16DC166AC16DA081C07 /* Frameworks */,
			);
			buildRules = (
			);
			dependencies = (
			);
			name = Control;
			packageProductDependencies = (
				E712B7069710484855F97F4A /* ComposableArchitecture */,
				751BD96142A64FE2CBA109F3 /* ComposableCoreLocation */,
			);
			productName = Control;
			productReference = DE30E685C1C5DE2682AE23DE /* Control.app */;
			productType = "com.apple.product-type.application";
		};
/* End PBXNativeTarget section */

/* Begin PBXProject section */
		0220B685FDA4F1345ED00738 /* Project object */ = {
			isa = PBXProject;
			attributes = {
				LastUpgradeCheck = 1200;
				TargetAttributes = {
					B559E60A23DE4329CF2A5BD9 = {
						DevelopmentTeam = K78G42H4U2;
					};
				};
			};
			buildConfigurationList = B763A338E8C3A1B8639DF3FA /* Build configuration list for PBXProject "Control" */;
			compatibilityVersion = "Xcode 10.0";
			developmentRegion = en;
			hasScannedForEncodings = 0;
			knownRegions = (
				Base,
				en,
			);
			mainGroup = 0BB2F14A302696AFBDE7FD3D;
			packageReferences = (
				80A7D4AE45B9D2694CBAB2BF /* XCRemoteSwiftPackageReference "composable-core-location" */,
				9E79DF031969F981A01A8BCB /* XCRemoteSwiftPackageReference "swift-composable-architecture" */,
			);
			projectDirPath = "";
			projectRoot = "";
			targets = (
				B559E60A23DE4329CF2A5BD9 /* Control */,
			);
		};
/* End PBXProject section */

/* Begin PBXResourcesBuildPhase section */
		B677AACC90E433D4A32AAD93 /* Resources */ = {
			isa = PBXResourcesBuildPhase;
			buildActionMask = 2147483647;
			files = (
				CD34BABF4C0E4DAB0E6FB5B7 /* Assets.xcassets in Resources */,
				AE3553C269CE9880D053D6DC /* Localizable.strings in Resources */,
				3A67F2C65E65EBFCF92824EE /* Preview Assets.xcassets in Resources */,
			);
			runOnlyForDeploymentPostprocessing = 0;
		};
/* End PBXResourcesBuildPhase section */

/* Begin PBXSourcesBuildPhase section */
		38E966192839E062BFA9FEC6 /* Sources */ = {
			isa = PBXSourcesBuildPhase;
			buildActionMask = 2147483647;
			files = (
				340B7D918FBA2FFED7A9C6FB /* AppsView.swift in Sources */,
				EDC4044C256B911A0076A699 /* SampleDevicesViewReducer.swift in Sources */,
				2F04A14DC06E8501A957E880 /* AppsViewReducer.swift in Sources */,
				B5F2AE424722FE4116F33F46 /* BatteryView.swift in Sources */,
				EDC4044F256B91240076A699 /* SampleLocationViewReducer.swift in Sources */,
				F1DC4176A3717D82ACA39E54 /* BatteryViewReducer.swift in Sources */,
				EDC4045A256B91560076A699 /* SampleSystemViewReducer.swift in Sources */,
				4488B068A809634868C2DFE8 /* Constant.swift in Sources */,
				0FF214FF133740A0DD476AF5 /* ControlApp.swift in Sources */,
				03139DD8DF5EAEC28855804F /* ControlAppView.swift in Sources */,
				EDC4045D256B91A40076A699 /* SampleAppEnvironment.swift in Sources */,
				13F35BD72A7A5E3F092F985A /* ControlAppViewReducer.swift in Sources */,
				965DFC3DE277A09FC7EB6D89 /* DevicesView.swift in Sources */,
				EDC40457256B914C0076A699 /* SampleScreenViewReducer.swift in Sources */,
				571005ACB6BB03FAE1033185 /* DevicesViewReducer.swift in Sources */,
				3E3E8FF7D740D5846D8579A4 /* LocationView.swift in Sources */,
				12C007E7EDBAF8E282D429B0 /* LocationViewReducer.swift in Sources */,
				EDC40454256B91410076A699 /* SampleNetworkViewReducer.swift in Sources */,
				C8D01DA443EC546B50EEDCE9 /* NetworkView.swift in Sources */,
				150B01F90DC90B6C376DC58B /* NetworkViewReducer.swift in Sources */,
				0191A3B40922DAA84AB26DF1 /* Process+Extensions.swift in Sources */,
				8FC23487BE978A42474255CC /* SampleControlViewReducer.swift in Sources */,
				47B3E52FCFD5077FB587B5BC /* ScreenView.swift in Sources */,
				EDC40446256B91090076A699 /* SampleAppsViewReducer.swift in Sources */,
				260E7400B080255D4BD0AF16 /* ScreenViewReducer.swift in Sources */,
				65EAD3C55FF64A44206E8215 /* Strings.swift in Sources */,
				EDC40443256B90750076A699 /* LocationManagerReducer.swift in Sources */,
				15BF65E78B11CDDA467DC6FE /* SystemView.swift in Sources */,
				EDC40449256B91120076A699 /* SampleBatteryViewReducer.swift in Sources */,
				8BD182B17ECC4DC5790EE144 /* SystemViewReducer.swift in Sources */,
				557DF0451FC66EA92CF6D756 /* VisualEffectBlur.swift in Sources */,
			);
			runOnlyForDeploymentPostprocessing = 0;
		};
/* End PBXSourcesBuildPhase section */

/* Begin XCBuildConfiguration section */
		033D52890BF6AD09AFB98652 /* Debug */ = {
			isa = XCBuildConfiguration;
			buildSettings = {
				ALWAYS_SEARCH_USER_PATHS = NO;
				CLANG_ANALYZER_NONNULL = YES;
				CLANG_ANALYZER_NUMBER_OBJECT_CONVERSION = YES_AGGRESSIVE;
				CLANG_CXX_LANGUAGE_STANDARD = "gnu++14";
				CLANG_CXX_LIBRARY = "libc++";
				CLANG_ENABLE_MODULES = YES;
				CLANG_ENABLE_OBJC_ARC = YES;
				CLANG_ENABLE_OBJC_WEAK = YES;
				CLANG_WARN_BLOCK_CAPTURE_AUTORELEASING = YES;
				CLANG_WARN_BOOL_CONVERSION = YES;
				CLANG_WARN_COMMA = YES;
				CLANG_WARN_CONSTANT_CONVERSION = YES;
				CLANG_WARN_DEPRECATED_OBJC_IMPLEMENTATIONS = YES;
				CLANG_WARN_DIRECT_OBJC_ISA_USAGE = YES_ERROR;
				CLANG_WARN_DOCUMENTATION_COMMENTS = YES;
				CLANG_WARN_EMPTY_BODY = YES;
				CLANG_WARN_ENUM_CONVERSION = YES;
				CLANG_WARN_INFINITE_RECURSION = YES;
				CLANG_WARN_INT_CONVERSION = YES;
				CLANG_WARN_NON_LITERAL_NULL_CONVERSION = YES;
				CLANG_WARN_OBJC_IMPLICIT_RETAIN_SELF = YES;
				CLANG_WARN_OBJC_LITERAL_CONVERSION = YES;
				CLANG_WARN_OBJC_ROOT_CLASS = YES_ERROR;
				CLANG_WARN_QUOTED_INCLUDE_IN_FRAMEWORK_HEADER = YES;
				CLANG_WARN_RANGE_LOOP_ANALYSIS = YES;
				CLANG_WARN_STRICT_PROTOTYPES = YES;
				CLANG_WARN_SUSPICIOUS_MOVE = YES;
				CLANG_WARN_UNGUARDED_AVAILABILITY = YES_AGGRESSIVE;
				CLANG_WARN_UNREACHABLE_CODE = YES;
				CLANG_WARN__DUPLICATE_METHOD_MATCH = YES;
				COPY_PHASE_STRIP = NO;
				CURRENT_PROJECT_VERSION = 1;
				DEBUG_INFORMATION_FORMAT = dwarf;
				DEVELOPMENT_TEAM = K78G42H4U2;
				ENABLE_STRICT_OBJC_MSGSEND = YES;
				ENABLE_TESTABILITY = YES;
				GCC_C_LANGUAGE_STANDARD = gnu11;
				GCC_DYNAMIC_NO_PIC = NO;
				GCC_NO_COMMON_BLOCKS = YES;
				GCC_OPTIMIZATION_LEVEL = 0;
				GCC_PREPROCESSOR_DEFINITIONS = (
					"$(inherited)",
					"DEBUG=1",
				);
				GCC_WARN_64_TO_32_BIT_CONVERSION = YES;
				GCC_WARN_ABOUT_RETURN_TYPE = YES_ERROR;
				GCC_WARN_UNDECLARED_SELECTOR = YES;
				GCC_WARN_UNINITIALIZED_AUTOS = YES_AGGRESSIVE;
				GCC_WARN_UNUSED_FUNCTION = YES;
				GCC_WARN_UNUSED_VARIABLE = YES;
				MACOSX_DEPLOYMENT_TARGET = 11.0;
				MARKETING_VERSION = 0.1.0;
				MTL_ENABLE_DEBUG_INFO = INCLUDE_SOURCE;
				MTL_FAST_MATH = YES;
				ONLY_ACTIVE_ARCH = YES;
				PRODUCT_NAME = "$(TARGET_NAME)";
				SDKROOT = macosx;
				SWIFT_ACTIVE_COMPILATION_CONDITIONS = DEBUG;
				SWIFT_OPTIMIZATION_LEVEL = "-Onone";
				SWIFT_VERSION = 5.0;
			};
			name = Debug;
		};
		8DDB398C8B60BF47DD471D88 /* Release */ = {
			isa = XCBuildConfiguration;
			buildSettings = {
				ALWAYS_SEARCH_USER_PATHS = NO;
				CLANG_ANALYZER_NONNULL = YES;
				CLANG_ANALYZER_NUMBER_OBJECT_CONVERSION = YES_AGGRESSIVE;
				CLANG_CXX_LANGUAGE_STANDARD = "gnu++14";
				CLANG_CXX_LIBRARY = "libc++";
				CLANG_ENABLE_MODULES = YES;
				CLANG_ENABLE_OBJC_ARC = YES;
				CLANG_ENABLE_OBJC_WEAK = YES;
				CLANG_WARN_BLOCK_CAPTURE_AUTORELEASING = YES;
				CLANG_WARN_BOOL_CONVERSION = YES;
				CLANG_WARN_COMMA = YES;
				CLANG_WARN_CONSTANT_CONVERSION = YES;
				CLANG_WARN_DEPRECATED_OBJC_IMPLEMENTATIONS = YES;
				CLANG_WARN_DIRECT_OBJC_ISA_USAGE = YES_ERROR;
				CLANG_WARN_DOCUMENTATION_COMMENTS = YES;
				CLANG_WARN_EMPTY_BODY = YES;
				CLANG_WARN_ENUM_CONVERSION = YES;
				CLANG_WARN_INFINITE_RECURSION = YES;
				CLANG_WARN_INT_CONVERSION = YES;
				CLANG_WARN_NON_LITERAL_NULL_CONVERSION = YES;
				CLANG_WARN_OBJC_IMPLICIT_RETAIN_SELF = YES;
				CLANG_WARN_OBJC_LITERAL_CONVERSION = YES;
				CLANG_WARN_OBJC_ROOT_CLASS = YES_ERROR;
				CLANG_WARN_QUOTED_INCLUDE_IN_FRAMEWORK_HEADER = YES;
				CLANG_WARN_RANGE_LOOP_ANALYSIS = YES;
				CLANG_WARN_STRICT_PROTOTYPES = YES;
				CLANG_WARN_SUSPICIOUS_MOVE = YES;
				CLANG_WARN_UNGUARDED_AVAILABILITY = YES_AGGRESSIVE;
				CLANG_WARN_UNREACHABLE_CODE = YES;
				CLANG_WARN__DUPLICATE_METHOD_MATCH = YES;
				COPY_PHASE_STRIP = NO;
				CURRENT_PROJECT_VERSION = 1;
				DEBUG_INFORMATION_FORMAT = "dwarf-with-dsym";
				DEVELOPMENT_TEAM = K78G42H4U2;
				ENABLE_NS_ASSERTIONS = NO;
				ENABLE_STRICT_OBJC_MSGSEND = YES;
				GCC_C_LANGUAGE_STANDARD = gnu11;
				GCC_NO_COMMON_BLOCKS = YES;
				GCC_WARN_64_TO_32_BIT_CONVERSION = YES;
				GCC_WARN_ABOUT_RETURN_TYPE = YES_ERROR;
				GCC_WARN_UNDECLARED_SELECTOR = YES;
				GCC_WARN_UNINITIALIZED_AUTOS = YES_AGGRESSIVE;
				GCC_WARN_UNUSED_FUNCTION = YES;
				GCC_WARN_UNUSED_VARIABLE = YES;
				MACOSX_DEPLOYMENT_TARGET = 11.0;
				MARKETING_VERSION = 0.1.0;
				MTL_ENABLE_DEBUG_INFO = NO;
				MTL_FAST_MATH = YES;
				PRODUCT_NAME = "$(TARGET_NAME)";
				SDKROOT = macosx;
				SWIFT_COMPILATION_MODE = wholemodule;
				SWIFT_OPTIMIZATION_LEVEL = "-O";
				SWIFT_VERSION = 5.0;
			};
			name = Release;
		};
		9DE648927EC556D45362F619 /* Debug */ = {
			isa = XCBuildConfiguration;
			buildSettings = {
				ASSETCATALOG_COMPILER_APPICON_NAME = AppIcon;
				CODE_SIGN_ENTITLEMENTS = Control/SupportingFiles/Control.entitlements;
				COMBINE_HIDPI_IMAGES = YES;
				DEVELOPMENT_ASSET_PATHS = Control/PreviewContent;
				INFOPLIST_FILE = Control/SupportingFiles/Info.plist;
				LD_RUNPATH_SEARCH_PATHS = (
					"$(inherited)",
					"@executable_path/../Frameworks",
				);
				PRODUCT_BUNDLE_IDENTIFIER = com.joeblau.Control;
				SDKROOT = macosx;
			};
			name = Debug;
		};
		A618CD9EBEE5CE0D7E79DB8B /* Release */ = {
			isa = XCBuildConfiguration;
			buildSettings = {
				ASSETCATALOG_COMPILER_APPICON_NAME = AppIcon;
				CODE_SIGN_ENTITLEMENTS = Control/SupportingFiles/Control.entitlements;
				COMBINE_HIDPI_IMAGES = YES;
				DEVELOPMENT_ASSET_PATHS = Control/PreviewContent;
				INFOPLIST_FILE = Control/SupportingFiles/Info.plist;
				LD_RUNPATH_SEARCH_PATHS = (
					"$(inherited)",
					"@executable_path/../Frameworks",
				);
				PRODUCT_BUNDLE_IDENTIFIER = com.joeblau.Control;
				SDKROOT = macosx;
			};
			name = Release;
		};
/* End XCBuildConfiguration section */

/* Begin XCConfigurationList section */
		87C7BF98F02E939C2A261FC7 /* Build configuration list for PBXNativeTarget "Control" */ = {
			isa = XCConfigurationList;
			buildConfigurations = (
				9DE648927EC556D45362F619 /* Debug */,
				A618CD9EBEE5CE0D7E79DB8B /* Release */,
			);
			defaultConfigurationIsVisible = 0;
			defaultConfigurationName = Debug;
		};
		B763A338E8C3A1B8639DF3FA /* Build configuration list for PBXProject "Control" */ = {
			isa = XCConfigurationList;
			buildConfigurations = (
				033D52890BF6AD09AFB98652 /* Debug */,
				8DDB398C8B60BF47DD471D88 /* Release */,
			);
			defaultConfigurationIsVisible = 0;
			defaultConfigurationName = Debug;
		};
/* End XCConfigurationList section */

/* Begin XCRemoteSwiftPackageReference section */
		80A7D4AE45B9D2694CBAB2BF /* XCRemoteSwiftPackageReference "composable-core-location" */ = {
			isa = XCRemoteSwiftPackageReference;
			repositoryURL = "https://github.com/pointfreeco/composable-core-location";
			requirement = {
				kind = upToNextMajorVersion;
				minimumVersion = 0.1.0;
			};
		};
		9E79DF031969F981A01A8BCB /* XCRemoteSwiftPackageReference "swift-composable-architecture" */ = {
			isa = XCRemoteSwiftPackageReference;
			repositoryURL = "git@gitlab.com:submap/swift-composable-architecture";
			requirement = {
				kind = upToNextMajorVersion;
				minimumVersion = 0.9.0;
			};
		};
/* End XCRemoteSwiftPackageReference section */

/* Begin XCSwiftPackageProductDependency section */
		751BD96142A64FE2CBA109F3 /* ComposableCoreLocation */ = {
			isa = XCSwiftPackageProductDependency;
			package = 80A7D4AE45B9D2694CBAB2BF /* XCRemoteSwiftPackageReference "composable-core-location" */;
			productName = ComposableCoreLocation;
		};
		E712B7069710484855F97F4A /* ComposableArchitecture */ = {
			isa = XCSwiftPackageProductDependency;
			package = 9E79DF031969F981A01A8BCB /* XCRemoteSwiftPackageReference "swift-composable-architecture" */;
			productName = ComposableArchitecture;
		};
/* End XCSwiftPackageProductDependency section */
	};
	rootObject = 0220B685FDA4F1345ED00738 /* Project object */;
}
