// !$*UTF8*$!
{
	archiveVersion = 1;
	classes = {
	};
	objectVersion = 52;
	objects = {

/* Begin PBXBuildFile section */
		ED0BAAC225688BB600C8785E /* ControlApp.swift in Sources */ = {isa = PBXBuildFile; fileRef = ED0BAAC125688BB600C8785E /* ControlApp.swift */; };
		ED0BAAC625688BB700C8785E /* Assets.xcassets in Resources */ = {isa = PBXBuildFile; fileRef = ED0BAAC525688BB700C8785E /* Assets.xcassets */; };
		ED0BAAC925688BB700C8785E /* Preview Assets.xcassets in Resources */ = {isa = PBXBuildFile; fileRef = ED0BAAC825688BB700C8785E /* Preview Assets.xcassets */; };
		ED0BAAD425688C4200C8785E /* DashboardView.swift in Sources */ = {isa = PBXBuildFile; fileRef = ED0BAAD325688C4200C8785E /* DashboardView.swift */; };
		ED0BAADA25688C6E00C8785E /* DeviceListView.swift in Sources */ = {isa = PBXBuildFile; fileRef = ED0BAAD925688C6E00C8785E /* DeviceListView.swift */; };
		ED0BAAE125688E3200C8785E /* SystemView.swift in Sources */ = {isa = PBXBuildFile; fileRef = ED0BAAE025688E3200C8785E /* SystemView.swift */; };
		ED0BAAE425688E3800C8785E /* BatteryView.swift in Sources */ = {isa = PBXBuildFile; fileRef = ED0BAAE325688E3800C8785E /* BatteryView.swift */; };
		ED0BAAE82568931D00C8785E /* ComposableArchitecture in Frameworks */ = {isa = PBXBuildFile; productRef = ED0BAAE72568931D00C8785E /* ComposableArchitecture */; };
		ED0BAAEC256893CB00C8785E /* ControlAppReducer.swift in Sources */ = {isa = PBXBuildFile; fileRef = ED0BAAEB256893CB00C8785E /* ControlAppReducer.swift */; };
		ED0BAAFC256895CC00C8785E /* Process+Extensions.swift in Sources */ = {isa = PBXBuildFile; fileRef = ED0BAAFB256895CC00C8785E /* Process+Extensions.swift */; };
		ED0BAB01256897F800C8785E /* SampleControlViewReducer.swift in Sources */ = {isa = PBXBuildFile; fileRef = ED0BAB00256897F800C8785E /* SampleControlViewReducer.swift */; };
		ED525E032568AD6B0088BF83 /* DeviceList.swift in Sources */ = {isa = PBXBuildFile; fileRef = ED525E022568AD6B0088BF83 /* DeviceList.swift */; };
		ED525E0A2568C4000088BF83 /* SelectedSensor.swift in Sources */ = {isa = PBXBuildFile; fileRef = ED525E092568C4000088BF83 /* SelectedSensor.swift */; };
/* End PBXBuildFile section */

/* Begin PBXFileReference section */
		ED0BAABE25688BB600C8785E /* Control.app */ = {isa = PBXFileReference; explicitFileType = wrapper.application; includeInIndex = 0; path = Control.app; sourceTree = BUILT_PRODUCTS_DIR; };
		ED0BAAC125688BB600C8785E /* ControlApp.swift */ = {isa = PBXFileReference; lastKnownFileType = sourcecode.swift; path = ControlApp.swift; sourceTree = "<group>"; };
		ED0BAAC525688BB700C8785E /* Assets.xcassets */ = {isa = PBXFileReference; lastKnownFileType = folder.assetcatalog; path = Assets.xcassets; sourceTree = "<group>"; };
		ED0BAAC825688BB700C8785E /* Preview Assets.xcassets */ = {isa = PBXFileReference; lastKnownFileType = folder.assetcatalog; path = "Preview Assets.xcassets"; sourceTree = "<group>"; };
		ED0BAACA25688BB700C8785E /* Info.plist */ = {isa = PBXFileReference; lastKnownFileType = text.plist.xml; path = Info.plist; sourceTree = "<group>"; };
		ED0BAACB25688BB700C8785E /* Control.entitlements */ = {isa = PBXFileReference; lastKnownFileType = text.plist.entitlements; path = Control.entitlements; sourceTree = "<group>"; };
		ED0BAAD325688C4200C8785E /* DashboardView.swift */ = {isa = PBXFileReference; lastKnownFileType = sourcecode.swift; path = DashboardView.swift; sourceTree = "<group>"; };
		ED0BAAD925688C6E00C8785E /* DeviceListView.swift */ = {isa = PBXFileReference; lastKnownFileType = sourcecode.swift; path = DeviceListView.swift; sourceTree = "<group>"; };
		ED0BAAE025688E3200C8785E /* SystemView.swift */ = {isa = PBXFileReference; lastKnownFileType = sourcecode.swift; path = SystemView.swift; sourceTree = "<group>"; };
		ED0BAAE325688E3800C8785E /* BatteryView.swift */ = {isa = PBXFileReference; lastKnownFileType = sourcecode.swift; path = BatteryView.swift; sourceTree = "<group>"; };
		ED0BAAEB256893CB00C8785E /* ControlAppReducer.swift */ = {isa = PBXFileReference; lastKnownFileType = sourcecode.swift; name = ControlAppReducer.swift; path = ../../../control/Control/App/ControlAppReducer.swift; sourceTree = "<group>"; };
		ED0BAAFB256895CC00C8785E /* Process+Extensions.swift */ = {isa = PBXFileReference; lastKnownFileType = sourcecode.swift; name = "Process+Extensions.swift"; path = "../../../control/Control/Extensions/Process+Extensions.swift"; sourceTree = "<group>"; };
		ED0BAB00256897F800C8785E /* SampleControlViewReducer.swift */ = {isa = PBXFileReference; lastKnownFileType = sourcecode.swift; name = SampleControlViewReducer.swift; path = "../../../control/Control/Preview Content/SampleControlViewReducer.swift"; sourceTree = "<group>"; };
		ED525E022568AD6B0088BF83 /* DeviceList.swift */ = {isa = PBXFileReference; lastKnownFileType = sourcecode.swift; path = DeviceList.swift; sourceTree = "<group>"; };
		ED525E092568C4000088BF83 /* SelectedSensor.swift */ = {isa = PBXFileReference; lastKnownFileType = sourcecode.swift; path = SelectedSensor.swift; sourceTree = "<group>"; };
/* End PBXFileReference section */

/* Begin PBXFrameworksBuildPhase section */
		ED0BAABB25688BB600C8785E /* Frameworks */ = {
			isa = PBXFrameworksBuildPhase;
			buildActionMask = 2147483647;
			files = (
				ED0BAAE82568931D00C8785E /* ComposableArchitecture in Frameworks */,
			);
			runOnlyForDeploymentPostprocessing = 0;
		};
/* End PBXFrameworksBuildPhase section */

/* Begin PBXGroup section */
		ED0BAAB525688BB600C8785E = {
			isa = PBXGroup;
			children = (
				ED0BAAC025688BB600C8785E /* Control */,
				ED0BAABF25688BB600C8785E /* Products */,
			);
			sourceTree = "<group>";
		};
		ED0BAABF25688BB600C8785E /* Products */ = {
			isa = PBXGroup;
			children = (
				ED0BAABE25688BB600C8785E /* Control.app */,
			);
			name = Products;
			sourceTree = "<group>";
		};
		ED0BAAC025688BB600C8785E /* Control */ = {
			isa = PBXGroup;
			children = (
				ED0BAAEF2568946F00C8785E /* Extensions */,
				ED0BAAD225688C2D00C8785E /* App */,
				ED0BAAC525688BB700C8785E /* Assets.xcassets */,
				ED0BAACA25688BB700C8785E /* Info.plist */,
				ED0BAACB25688BB700C8785E /* Control.entitlements */,
				ED0BAAC725688BB700C8785E /* Preview Content */,
			);
			path = Control;
			sourceTree = "<group>";
		};
		ED0BAAC725688BB700C8785E /* Preview Content */ = {
			isa = PBXGroup;
			children = (
				ED0BAAC825688BB700C8785E /* Preview Assets.xcassets */,
				ED0BAB00256897F800C8785E /* SampleControlViewReducer.swift */,
			);
			path = "Preview Content";
			sourceTree = "<group>";
		};
		ED0BAAD225688C2D00C8785E /* App */ = {
			isa = PBXGroup;
			children = (
				ED71493C25689E1500F08D4F /* Dashboard */,
				ED0BAAC125688BB600C8785E /* ControlApp.swift */,
				ED0BAAEB256893CB00C8785E /* ControlAppReducer.swift */,
			);
			path = App;
			sourceTree = "<group>";
		};
		ED0BAAD825688C6000C8785E /* Devices */ = {
			isa = PBXGroup;
			children = (
				ED525E052568B15D0088BF83 /* -Models */,
				ED0BAAD925688C6E00C8785E /* DeviceListView.swift */,
			);
			path = Devices;
			sourceTree = "<group>";
		};
		ED0BAADF25688E2500C8785E /* Sensors */ = {
			isa = PBXGroup;
			children = (
				ED525E082568C3F20088BF83 /* -Models */,
				ED0BAAE025688E3200C8785E /* SystemView.swift */,
				ED0BAAE325688E3800C8785E /* BatteryView.swift */,
			);
			path = Sensors;
			sourceTree = "<group>";
		};
		ED0BAAEF2568946F00C8785E /* Extensions */ = {
			isa = PBXGroup;
			children = (
				ED0BAAFB256895CC00C8785E /* Process+Extensions.swift */,
			);
			path = Extensions;
			sourceTree = "<group>";
		};
		ED525E052568B15D0088BF83 /* -Models */ = {
			isa = PBXGroup;
			children = (
				ED525E022568AD6B0088BF83 /* DeviceList.swift */,
			);
			path = "-Models";
			sourceTree = "<group>";
		};
		ED525E082568C3F20088BF83 /* -Models */ = {
			isa = PBXGroup;
			children = (
				ED525E092568C4000088BF83 /* SelectedSensor.swift */,
			);
			path = "-Models";
			sourceTree = "<group>";
		};
		ED71493C25689E1500F08D4F /* Dashboard */ = {
			isa = PBXGroup;
			children = (
				ED0BAAD325688C4200C8785E /* DashboardView.swift */,
				ED0BAADF25688E2500C8785E /* Sensors */,
				ED0BAAD825688C6000C8785E /* Devices */,
			);
			path = Dashboard;
			sourceTree = "<group>";
		};
/* End PBXGroup section */

/* Begin PBXNativeTarget section */
		ED0BAABD25688BB600C8785E /* Control */ = {
			isa = PBXNativeTarget;
			buildConfigurationList = ED0BAACE25688BB700C8785E /* Build configuration list for PBXNativeTarget "Control" */;
			buildPhases = (
				ED0BAABA25688BB600C8785E /* Sources */,
				ED0BAABB25688BB600C8785E /* Frameworks */,
				ED0BAABC25688BB600C8785E /* Resources */,
			);
			buildRules = (
			);
			dependencies = (
			);
			name = Control;
			packageProductDependencies = (
				ED0BAAE72568931D00C8785E /* ComposableArchitecture */,
			);
			productName = Control;
			productReference = ED0BAABE25688BB600C8785E /* Control.app */;
			productType = "com.apple.product-type.application";
		};
/* End PBXNativeTarget section */

/* Begin PBXProject section */
		ED0BAAB625688BB600C8785E /* Project object */ = {
			isa = PBXProject;
			attributes = {
				LastSwiftUpdateCheck = 1220;
				LastUpgradeCheck = 1220;
				TargetAttributes = {
					ED0BAABD25688BB600C8785E = {
						CreatedOnToolsVersion = 12.2;
					};
				};
			};
			buildConfigurationList = ED0BAAB925688BB600C8785E /* Build configuration list for PBXProject "Control" */;
			compatibilityVersion = "Xcode 9.3";
			developmentRegion = en;
			hasScannedForEncodings = 0;
			knownRegions = (
				en,
				Base,
			);
			mainGroup = ED0BAAB525688BB600C8785E;
			packageReferences = (
				ED0BAAE62568931D00C8785E /* XCRemoteSwiftPackageReference "swift-composable-architecture" */,
			);
			productRefGroup = ED0BAABF25688BB600C8785E /* Products */;
			projectDirPath = "";
			projectRoot = "";
			targets = (
				ED0BAABD25688BB600C8785E /* Control */,
			);
		};
/* End PBXProject section */

/* Begin PBXResourcesBuildPhase section */
		ED0BAABC25688BB600C8785E /* Resources */ = {
			isa = PBXResourcesBuildPhase;
			buildActionMask = 2147483647;
			files = (
				ED0BAAC925688BB700C8785E /* Preview Assets.xcassets in Resources */,
				ED0BAAC625688BB700C8785E /* Assets.xcassets in Resources */,
			);
			runOnlyForDeploymentPostprocessing = 0;
		};
/* End PBXResourcesBuildPhase section */

/* Begin PBXSourcesBuildPhase section */
		ED0BAABA25688BB600C8785E /* Sources */ = {
			isa = PBXSourcesBuildPhase;
			buildActionMask = 2147483647;
			files = (
				ED0BAAEC256893CB00C8785E /* ControlAppReducer.swift in Sources */,
				ED0BAB01256897F800C8785E /* SampleControlViewReducer.swift in Sources */,
				ED525E0A2568C4000088BF83 /* SelectedSensor.swift in Sources */,
				ED525E032568AD6B0088BF83 /* DeviceList.swift in Sources */,
				ED0BAADA25688C6E00C8785E /* DeviceListView.swift in Sources */,
				ED0BAAE425688E3800C8785E /* BatteryView.swift in Sources */,
				ED0BAAD425688C4200C8785E /* DashboardView.swift in Sources */,
				ED0BAAC225688BB600C8785E /* ControlApp.swift in Sources */,
				ED0BAAE125688E3200C8785E /* SystemView.swift in Sources */,
				ED0BAAFC256895CC00C8785E /* Process+Extensions.swift in Sources */,
			);
			runOnlyForDeploymentPostprocessing = 0;
		};
/* End PBXSourcesBuildPhase section */

/* Begin XCBuildConfiguration section */
		ED0BAACC25688BB700C8785E /* Debug */ = {
			isa = XCBuildConfiguration;
			buildSettings = {
				ALWAYS_SEARCH_USER_PATHS = NO;
				CLANG_ANALYZER_NONNULL = YES;
				CLANG_ANALYZER_NUMBER_OBJECT_CONVERSION = YES_AGGRESSIVE;
				CLANG_CXX_LANGUAGE_STANDARD = "gnu++14";
				CLANG_CXX_LIBRARY = "libc++";
				CLANG_ENABLE_MODULES = YES;
				CLANG_ENABLE_OBJC_ARC = YES;
				CLANG_ENABLE_OBJC_WEAK = YES;
				CLANG_WARN_BLOCK_CAPTURE_AUTORELEASING = YES;
				CLANG_WARN_BOOL_CONVERSION = YES;
				CLANG_WARN_COMMA = YES;
				CLANG_WARN_CONSTANT_CONVERSION = YES;
				CLANG_WARN_DEPRECATED_OBJC_IMPLEMENTATIONS = YES;
				CLANG_WARN_DIRECT_OBJC_ISA_USAGE = YES_ERROR;
				CLANG_WARN_DOCUMENTATION_COMMENTS = YES;
				CLANG_WARN_EMPTY_BODY = YES;
				CLANG_WARN_ENUM_CONVERSION = YES;
				CLANG_WARN_INFINITE_RECURSION = YES;
				CLANG_WARN_INT_CONVERSION = YES;
				CLANG_WARN_NON_LITERAL_NULL_CONVERSION = YES;
				CLANG_WARN_OBJC_IMPLICIT_RETAIN_SELF = YES;
				CLANG_WARN_OBJC_LITERAL_CONVERSION = YES;
				CLANG_WARN_OBJC_ROOT_CLASS = YES_ERROR;
				CLANG_WARN_QUOTED_INCLUDE_IN_FRAMEWORK_HEADER = YES;
				CLANG_WARN_RANGE_LOOP_ANALYSIS = YES;
				CLANG_WARN_STRICT_PROTOTYPES = YES;
				CLANG_WARN_SUSPICIOUS_MOVE = YES;
				CLANG_WARN_UNGUARDED_AVAILABILITY = YES_AGGRESSIVE;
				CLANG_WARN_UNREACHABLE_CODE = YES;
				CLANG_WARN__DUPLICATE_METHOD_MATCH = YES;
				COPY_PHASE_STRIP = NO;
				DEBUG_INFORMATION_FORMAT = dwarf;
				ENABLE_STRICT_OBJC_MSGSEND = YES;
				ENABLE_TESTABILITY = YES;
				GCC_C_LANGUAGE_STANDARD = gnu11;
				GCC_DYNAMIC_NO_PIC = NO;
				GCC_NO_COMMON_BLOCKS = YES;
				GCC_OPTIMIZATION_LEVEL = 0;
				GCC_PREPROCESSOR_DEFINITIONS = (
					"DEBUG=1",
					"$(inherited)",
				);
				GCC_WARN_64_TO_32_BIT_CONVERSION = YES;
				GCC_WARN_ABOUT_RETURN_TYPE = YES_ERROR;
				GCC_WARN_UNDECLARED_SELECTOR = YES;
				GCC_WARN_UNINITIALIZED_AUTOS = YES_AGGRESSIVE;
				GCC_WARN_UNUSED_FUNCTION = YES;
				GCC_WARN_UNUSED_VARIABLE = YES;
				MACOSX_DEPLOYMENT_TARGET = 11.0;
				MTL_ENABLE_DEBUG_INFO = INCLUDE_SOURCE;
				MTL_FAST_MATH = YES;
				ONLY_ACTIVE_ARCH = YES;
				SDKROOT = macosx;
				SWIFT_ACTIVE_COMPILATION_CONDITIONS = DEBUG;
				SWIFT_OPTIMIZATION_LEVEL = "-Onone";
			};
			name = Debug;
		};
		ED0BAACD25688BB700C8785E /* Release */ = {
			isa = XCBuildConfiguration;
			buildSettings = {
				ALWAYS_SEARCH_USER_PATHS = NO;
				CLANG_ANALYZER_NONNULL = YES;
				CLANG_ANALYZER_NUMBER_OBJECT_CONVERSION = YES_AGGRESSIVE;
				CLANG_CXX_LANGUAGE_STANDARD = "gnu++14";
				CLANG_CXX_LIBRARY = "libc++";
				CLANG_ENABLE_MODULES = YES;
				CLANG_ENABLE_OBJC_ARC = YES;
				CLANG_ENABLE_OBJC_WEAK = YES;
				CLANG_WARN_BLOCK_CAPTURE_AUTORELEASING = YES;
				CLANG_WARN_BOOL_CONVERSION = YES;
				CLANG_WARN_COMMA = YES;
				CLANG_WARN_CONSTANT_CONVERSION = YES;
				CLANG_WARN_DEPRECATED_OBJC_IMPLEMENTATIONS = YES;
				CLANG_WARN_DIRECT_OBJC_ISA_USAGE = YES_ERROR;
				CLANG_WARN_DOCUMENTATION_COMMENTS = YES;
				CLANG_WARN_EMPTY_BODY = YES;
				CLANG_WARN_ENUM_CONVERSION = YES;
				CLANG_WARN_INFINITE_RECURSION = YES;
				CLANG_WARN_INT_CONVERSION = YES;
				CLANG_WARN_NON_LITERAL_NULL_CONVERSION = YES;
				CLANG_WARN_OBJC_IMPLICIT_RETAIN_SELF = YES;
				CLANG_WARN_OBJC_LITERAL_CONVERSION = YES;
				CLANG_WARN_OBJC_ROOT_CLASS = YES_ERROR;
				CLANG_WARN_QUOTED_INCLUDE_IN_FRAMEWORK_HEADER = YES;
				CLANG_WARN_RANGE_LOOP_ANALYSIS = YES;
				CLANG_WARN_STRICT_PROTOTYPES = YES;
				CLANG_WARN_SUSPICIOUS_MOVE = YES;
				CLANG_WARN_UNGUARDED_AVAILABILITY = YES_AGGRESSIVE;
				CLANG_WARN_UNREACHABLE_CODE = YES;
				CLANG_WARN__DUPLICATE_METHOD_MATCH = YES;
				COPY_PHASE_STRIP = NO;
				DEBUG_INFORMATION_FORMAT = "dwarf-with-dsym";
				ENABLE_NS_ASSERTIONS = NO;
				ENABLE_STRICT_OBJC_MSGSEND = YES;
				GCC_C_LANGUAGE_STANDARD = gnu11;
				GCC_NO_COMMON_BLOCKS = YES;
				GCC_WARN_64_TO_32_BIT_CONVERSION = YES;
				GCC_WARN_ABOUT_RETURN_TYPE = YES_ERROR;
				GCC_WARN_UNDECLARED_SELECTOR = YES;
				GCC_WARN_UNINITIALIZED_AUTOS = YES_AGGRESSIVE;
				GCC_WARN_UNUSED_FUNCTION = YES;
				GCC_WARN_UNUSED_VARIABLE = YES;
				MACOSX_DEPLOYMENT_TARGET = 11.0;
				MTL_ENABLE_DEBUG_INFO = NO;
				MTL_FAST_MATH = YES;
				SDKROOT = macosx;
				SWIFT_COMPILATION_MODE = wholemodule;
				SWIFT_OPTIMIZATION_LEVEL = "-O";
			};
			name = Release;
		};
		ED0BAACF25688BB700C8785E /* Debug */ = {
			isa = XCBuildConfiguration;
			buildSettings = {
				ASSETCATALOG_COMPILER_APPICON_NAME = AppIcon;
				ASSETCATALOG_COMPILER_GLOBAL_ACCENT_COLOR_NAME = AccentColor;
				CODE_SIGN_ENTITLEMENTS = Control/Control.entitlements;
				CODE_SIGN_STYLE = Automatic;
				COMBINE_HIDPI_IMAGES = YES;
				DEVELOPMENT_ASSET_PATHS = "\"Control/Preview Content\"";
				DEVELOPMENT_TEAM = K78G42H4U2;
				ENABLE_HARDENED_RUNTIME = YES;
				ENABLE_PREVIEWS = YES;
				INFOPLIST_FILE = Control/Info.plist;
				LD_RUNPATH_SEARCH_PATHS = (
					"$(inherited)",
					"@executable_path/../Frameworks",
				);
				MACOSX_DEPLOYMENT_TARGET = 11.0;
				PRODUCT_BUNDLE_IDENTIFIER = com.joeblau.Control;
				PRODUCT_NAME = "$(TARGET_NAME)";
				SWIFT_VERSION = 5.0;
			};
			name = Debug;
		};
		ED0BAAD025688BB700C8785E /* Release */ = {
			isa = XCBuildConfiguration;
			buildSettings = {
				ASSETCATALOG_COMPILER_APPICON_NAME = AppIcon;
				ASSETCATALOG_COMPILER_GLOBAL_ACCENT_COLOR_NAME = AccentColor;
				CODE_SIGN_ENTITLEMENTS = Control/Control.entitlements;
				CODE_SIGN_STYLE = Automatic;
				COMBINE_HIDPI_IMAGES = YES;
				DEVELOPMENT_ASSET_PATHS = "\"Control/Preview Content\"";
				DEVELOPMENT_TEAM = K78G42H4U2;
				ENABLE_HARDENED_RUNTIME = YES;
				ENABLE_PREVIEWS = YES;
				INFOPLIST_FILE = Control/Info.plist;
				LD_RUNPATH_SEARCH_PATHS = (
					"$(inherited)",
					"@executable_path/../Frameworks",
				);
				MACOSX_DEPLOYMENT_TARGET = 11.0;
				PRODUCT_BUNDLE_IDENTIFIER = com.joeblau.Control;
				PRODUCT_NAME = "$(TARGET_NAME)";
				SWIFT_VERSION = 5.0;
			};
			name = Release;
		};
/* End XCBuildConfiguration section */

/* Begin XCConfigurationList section */
		ED0BAAB925688BB600C8785E /* Build configuration list for PBXProject "Control" */ = {
			isa = XCConfigurationList;
			buildConfigurations = (
				ED0BAACC25688BB700C8785E /* Debug */,
				ED0BAACD25688BB700C8785E /* Release */,
			);
			defaultConfigurationIsVisible = 0;
			defaultConfigurationName = Release;
		};
		ED0BAACE25688BB700C8785E /* Build configuration list for PBXNativeTarget "Control" */ = {
			isa = XCConfigurationList;
			buildConfigurations = (
				ED0BAACF25688BB700C8785E /* Debug */,
				ED0BAAD025688BB700C8785E /* Release */,
			);
			defaultConfigurationIsVisible = 0;
			defaultConfigurationName = Release;
		};
/* End XCConfigurationList section */

/* Begin XCRemoteSwiftPackageReference section */
		ED0BAAE62568931D00C8785E /* XCRemoteSwiftPackageReference "swift-composable-architecture" */ = {
			isa = XCRemoteSwiftPackageReference;
			repositoryURL = "https://github.com/pointfreeco/swift-composable-architecture.git";
			requirement = {
				kind = upToNextMajorVersion;
				minimumVersion = 0.9.0;
			};
		};
/* End XCRemoteSwiftPackageReference section */

/* Begin XCSwiftPackageProductDependency section */
		ED0BAAE72568931D00C8785E /* ComposableArchitecture */ = {
			isa = XCSwiftPackageProductDependency;
			package = ED0BAAE62568931D00C8785E /* XCRemoteSwiftPackageReference "swift-composable-architecture" */;
			productName = ComposableArchitecture;
		};
/* End XCSwiftPackageProductDependency section */
	};
	rootObject = ED0BAAB625688BB600C8785E /* Project object */;
}
